
Microsoft Visual Studio Solution File, Format Version 12.00
# Visual Studio Version 17
VisualStudioVersion = 17.6.33815.320
MinimumVisualStudioVersion = 10.0.40219.1
Project("{9A19103F-16F7-4668-BE54-9A1E7A4F7556}") = "BackEnd", "BackEnd\BackEnd.csproj", "{A44053E0-E3B3-4A0F-8A17-D3133DC01247}"
EndProject
Project("{9A19103F-16F7-4668-BE54-9A1E7A4F7556}") = "FrontEnd", "FrontEnd\FrontEnd.csproj", "{CA211C15-F47C-4AA5-95E2-C48852304065}"
EndProject
Global
	GlobalSection(SolutionConfigurationPlatforms) = preSolution
		Debug|Any CPU = Debug|Any CPU
		Release|Any CPU = Release|Any CPU
	EndGlobalSection
	GlobalSection(ProjectConfigurationPlatforms) = postSolution
		{A44053E0-E3B3-4A0F-8A17-D3133DC01247}.Debug|Any CPU.ActiveCfg = Debug|Any CPU
		{A44053E0-E3B3-4A0F-8A17-D3133DC01247}.Debug|Any CPU.Build.0 = Debug|Any CPU
		{A44053E0-E3B3-4A0F-8A17-D3133DC01247}.Release|Any CPU.ActiveCfg = Release|Any CPU
		{A44053E0-E3B3-4A0F-8A17-D3133DC01247}.Release|Any CPU.Build.0 = Release|Any CPU
		{CA211C15-F47C-4AA5-95E2-C48852304065}.Debug|Any CPU.ActiveCfg = Debug|Any CPU
		{CA211C15-F47C-4AA5-95E2-C48852304065}.Debug|Any CPU.Build.0 = Debug|Any CPU
		{CA211C15-F47C-4AA5-95E2-C48852304065}.Release|Any CPU.ActiveCfg = Release|Any CPU
		{CA211C15-F47C-4AA5-95E2-C48852304065}.Release|Any CPU.Build.0 = Release|Any CPU
	EndGlobalSection
	GlobalSection(SolutionProperties) = preSolution
		HideSolutionNode = FALSE
	EndGlobalSection
	GlobalSection(ExtensibilityGlobals) = postSolution
		SolutionGuid = {1B97C275-424E-48A4-A45F-DDAC9FDB94CA}
	EndGlobalSection
EndGlobal
