
Microsoft Visual Studio Solution File, Format Version 12.00
# Visual Studio Version 17
VisualStudioVersion = 17.6.33815.320
MinimumVisualStudioVersion = 10.0.40219.1
Project("{9A19103F-16F7-4668-BE54-9A1E7A4F7556}") = "Backend", "TestWebAPPEF\Backend.csproj", "{A303D8F9-A1D6-438F-AEED-58AE12752D09}"
EndProject
Project("{FAE04EC0-301F-11D3-BF4B-00C04F79EFBC}") = "ClientSide", "ClientSide\ClientSide.csproj", "{4A156536-E077-45A3-88FB-8BC60B08BFC2}"
EndProject
Global
	GlobalSection(SolutionConfigurationPlatforms) = preSolution
		Debug|Any CPU = Debug|Any CPU
		Release|Any CPU = Release|Any CPU
	EndGlobalSection
	GlobalSection(ProjectConfigurationPlatforms) = postSolution
		{A303D8F9-A1D6-438F-AEED-58AE12752D09}.Debug|Any CPU.ActiveCfg = Debug|Any CPU
		{A303D8F9-A1D6-438F-AEED-58AE12752D09}.Debug|Any CPU.Build.0 = Debug|Any CPU
		{A303D8F9-A1D6-438F-AEED-58AE12752D09}.Release|Any CPU.ActiveCfg = Release|Any CPU
		{A303D8F9-A1D6-438F-AEED-58AE12752D09}.Release|Any CPU.Build.0 = Release|Any CPU
		{4A156536-E077-45A3-88FB-8BC60B08BFC2}.Debug|Any CPU.ActiveCfg = Debug|Any CPU
		{4A156536-E077-45A3-88FB-8BC60B08BFC2}.Debug|Any CPU.Build.0 = Debug|Any CPU
		{4A156536-E077-45A3-88FB-8BC60B08BFC2}.Release|Any CPU.ActiveCfg = Release|Any CPU
		{4A156536-E077-45A3-88FB-8BC60B08BFC2}.Release|Any CPU.Build.0 = Release|Any CPU
	EndGlobalSection
	GlobalSection(SolutionProperties) = preSolution
		HideSolutionNode = FALSE
	EndGlobalSection
	GlobalSection(ExtensibilityGlobals) = postSolution
		SolutionGuid = {1B97C275-424E-48A4-A45F-DDAC9FDB94CA}
	EndGlobalSection
EndGlobal
